
Microsoft Visual Studio Solution File, Format Version 12.00
# Visual Studio Version 17
VisualStudioVersion = 17.3.32922.545
MinimumVisualStudioVersion = 10.0.40219.1
Project("{9A19103F-16F7-4668-BE54-9A1E7A4F7556}") = "SLASCONEDemo.Csharp.Device.Floating", "SLASCONEDemo.Csharp.Device.Floating\SLASCONEDemo.Csharp.Device.Floating.csproj", "{B4C78B5B-1A82-4084-931F-3D7D6C45DC4D}"
EndProject
Project("{9A19103F-16F7-4668-BE54-9A1E7A4F7556}") = "SlasconeClient", "SlasconeClient\SlasconeClient.csproj", "{C98FCADA-74F2-4852-A4F2-8E8EBB18461D}"
EndProject
Global
	GlobalSection(SolutionConfigurationPlatforms) = preSolution
		Debug|Any CPU = Debug|Any CPU
		Release|Any CPU = Release|Any CPU
	EndGlobalSection
	GlobalSection(ProjectConfigurationPlatforms) = postSolution
		{B4C78B5B-1A82-4084-931F-3D7D6C45DC4D}.Debug|Any CPU.ActiveCfg = Debug|Any CPU
		{B4C78B5B-1A82-4084-931F-3D7D6C45DC4D}.Debug|Any CPU.Build.0 = Debug|Any CPU
		{B4C78B5B-1A82-4084-931F-3D7D6C45DC4D}.Release|Any CPU.ActiveCfg = Release|Any CPU
		{B4C78B5B-1A82-4084-931F-3D7D6C45DC4D}.Release|Any CPU.Build.0 = Release|Any CPU
		{C98FCADA-74F2-4852-A4F2-8E8EBB18461D}.Debug|Any CPU.ActiveCfg = Debug|Any CPU
		{C98FCADA-74F2-4852-A4F2-8E8EBB18461D}.Debug|Any CPU.Build.0 = Debug|Any CPU
		{C98FCADA-74F2-4852-A4F2-8E8EBB18461D}.Release|Any CPU.ActiveCfg = Release|Any CPU
		{C98FCADA-74F2-4852-A4F2-8E8EBB18461D}.Release|Any CPU.Build.0 = Release|Any CPU
	EndGlobalSection
	GlobalSection(SolutionProperties) = preSolution
		HideSolutionNode = FALSE
	EndGlobalSection
	GlobalSection(ExtensibilityGlobals) = postSolution
		SolutionGuid = {3501621A-7E2A-4F8A-B2C0-281DC1BD8FF1}
	EndGlobalSection
EndGlobal
